
Microsoft Visual Studio Solution File, Format Version 12.00
# Visual Studio Version 17
VisualStudioVersion = 17.8.34408.163
MinimumVisualStudioVersion = 10.0.40219.1
Project("{FAE04EC0-301F-11D3-BF4B-00C04F79EFBC}") = "BS23Assignment", "BS23Assignment\BS23Assignment.csproj", "{400632ED-8D2A-4052-9D84-B5C5B0C418DD}"
EndProject
Global
	GlobalSection(SolutionConfigurationPlatforms) = preSolution
		Debug|Any CPU = Debug|Any CPU
		Release|Any CPU = Release|Any CPU
	EndGlobalSection
	GlobalSection(ProjectConfigurationPlatforms) = postSolution
		{400632ED-8D2A-4052-9D84-B5C5B0C418DD}.Debug|Any CPU.ActiveCfg = Debug|Any CPU
		{400632ED-8D2A-4052-9D84-B5C5B0C418DD}.Debug|Any CPU.Build.0 = Debug|Any CPU
		{400632ED-8D2A-4052-9D84-B5C5B0C418DD}.Release|Any CPU.ActiveCfg = Release|Any CPU
		{400632ED-8D2A-4052-9D84-B5C5B0C418DD}.Release|Any CPU.Build.0 = Release|Any CPU
	EndGlobalSection
	GlobalSection(SolutionProperties) = preSolution
		HideSolutionNode = FALSE
	EndGlobalSection
	GlobalSection(ExtensibilityGlobals) = postSolution
		SolutionGuid = {42F474ED-D619-4C02-82A0-233BBD0CF2A9}
	EndGlobalSection
EndGlobal
